{
  "originHash" : "08b3480a4740571b294345d7b97034b0ba3dc6489c7076ea0cfcc6a0066cce1c",
  "pins" : [
    {
      "identity" : "eudi-lib-podofo",
      "kind" : "remoteSourceControl",
      "location" : "https://github.com/eu-digital-identity-wallet/eudi-lib-podofo",
      "state" : {
        "revision" : "726147530e544a8ca57b5f633a1aa8568f2bb93b",
        "version" : "0.3.8"
      }
    },
    {
      "identity" : "joseswift",
      "kind" : "remoteSourceControl",
      "location" : "https://github.com/airsidemobile/JOSESwift.git",
      "state" : {
        "revision" : "c2664a902e75c0426a1d43132bd4babc6fd173d3",
        "version" : "3.0.0"
      }
    },
    {
      "identity" : "swift-asn1",
      "kind" : "remoteSourceControl",
      "location" : "https://github.com/apple/swift-asn1.git",
      "state" : {
        "revision" : "810496cf121e525d660cd0ea89a758740476b85f",
        "version" : "1.5.1"
      }
    },
    {
      "identity" : "swift-certificates",
      "kind" : "remoteSourceControl",
      "location" : "https://github.com/apple/swift-certificates.git",
      "state" : {
        "revision" : "24ccdeeeed4dfaae7955fcac9dbf5489ed4f1a25",
        "version" : "1.18.0"
      }
    },
    {
      "identity" : "swift-crypto",
      "kind" : "remoteSourceControl",
      "location" : "https://github.com/apple/swift-crypto.git",
      "state" : {
        "revision" : "6f70fa9eab24c1fd982af18c281c4525d05e3095",
        "version" : "4.2.0"
      }
    },
    {
      "identity" : "swiftyjson",
      "kind" : "remoteSourceControl",
      "location" : "https://github.com/SwiftyJSON/SwiftyJSON.git",
      "state" : {
        "revision" : "af76cf3ef710b6ca5f8c05f3a31307d44a3c5828",
        "version" : "5.0.2"
      }
    }
  ],
  "version" : 3
}
